
Microsoft Visual Studio Solution File, Format Version 12.00
# Visual Studio Version 17
VisualStudioVersion = 17.0.32112.339
MinimumVisualStudioVersion = 10.0.40219.1
Project("{FAE04EC0-301F-11D3-BF4B-00C04F79EFBC}") = "DirectAmKill", "DirectAmKill\DirectAmKill.csproj", "{4AFA9EA3-D0C1-4570-9DCD-D851F19477F0}"
EndProject
Global
	GlobalSection(SolutionConfigurationPlatforms) = preSolution
		Debug|Any CPU = Debug|Any CPU
		Debug|x64 = Debug|x64
		Release|Any CPU = Release|Any CPU
		Release|x64 = Release|x64
	EndGlobalSection
	GlobalSection(ProjectConfigurationPlatforms) = postSolution
		{4AFA9EA3-D0C1-4570-9DCD-D851F19477F0}.Debug|Any CPU.ActiveCfg = Debug|Any CPU
		{4AFA9EA3-D0C1-4570-9DCD-D851F19477F0}.Debug|Any CPU.Build.0 = Debug|Any CPU
		{4AFA9EA3-D0C1-4570-9DCD-D851F19477F0}.Debug|x64.ActiveCfg = Debug|x64
		{4AFA9EA3-D0C1-4570-9DCD-D851F19477F0}.Debug|x64.Build.0 = Debug|x64
		{4AFA9EA3-D0C1-4570-9DCD-D851F19477F0}.Release|Any CPU.ActiveCfg = Release|Any CPU
		{4AFA9EA3-D0C1-4570-9DCD-D851F19477F0}.Release|Any CPU.Build.0 = Release|Any CPU
		{4AFA9EA3-D0C1-4570-9DCD-D851F19477F0}.Release|x64.ActiveCfg = Release|x64
		{4AFA9EA3-D0C1-4570-9DCD-D851F19477F0}.Release|x64.Build.0 = Release|x64
	EndGlobalSection
	GlobalSection(SolutionProperties) = preSolution
		HideSolutionNode = FALSE
	EndGlobalSection
	GlobalSection(ExtensibilityGlobals) = postSolution
		SolutionGuid = {CB6AB796-B127-41BE-A31E-5E1D7D59CC8C}
	EndGlobalSection
EndGlobal
